// !$*UTF8*$!
{
	archiveVersion = 1;
	classes = {
	};
	objectVersion = 51;
	objects = {

/* Begin PBXBuildFile section */
		1B84251EB0202FA900CEF729 /* Pods_TreasureHuntingiOS.framework in Frameworks */ = {isa = PBXBuildFile; fileRef = 47F3CBAFFD13C039BF1E2B91 /* Pods_TreasureHuntingiOS.framework */; };
		A253EA8518AD06212E991D39 /* Pods_TreasureHuntingiOSTests.framework in Frameworks */ = {isa = PBXBuildFile; fileRef = C0B52EA0D52A0BDF3FE27021 /* Pods_TreasureHuntingiOSTests.framework */; };
		BC2E48D525374AE200FA285F /* InfoBadgeBar.xib in Resources */ = {isa = PBXBuildFile; fileRef = BC2E48D425374AE200FA285F /* InfoBadgeBar.xib */; };
		BC2E48DB25374AFD00FA285F /* InfoBadgeBar.swift in Sources */ = {isa = PBXBuildFile; fileRef = BC2E48DA25374AFD00FA285F /* InfoBadgeBar.swift */; };
		BC33A1E92524DBE7003AACEF /* HuntManager.swift in Sources */ = {isa = PBXBuildFile; fileRef = BC33A1E82524DBE7003AACEF /* HuntManager.swift */; };
		BC33A1F12524E303003AACEF /* DatabaseManager.swift in Sources */ = {isa = PBXBuildFile; fileRef = BC33A1F02524E303003AACEF /* DatabaseManager.swift */; };
		BC4734EA24FD87F600857F58 /* demo_hunt.json in Resources */ = {isa = PBXBuildFile; fileRef = BC4734E924FD87F600857F58 /* demo_hunt.json */; };
		BC5D7F8525091E0D0044BA0C /* UITableViewExtension.swift in Sources */ = {isa = PBXBuildFile; fileRef = BC5D7F8425091E0D0044BA0C /* UITableViewExtension.swift */; };
		BC65330524F145CE0037B96B /* AppDelegate.swift in Sources */ = {isa = PBXBuildFile; fileRef = BC65330424F145CE0037B96B /* AppDelegate.swift */; };
		BC65330724F145CE0037B96B /* SceneDelegate.swift in Sources */ = {isa = PBXBuildFile; fileRef = BC65330624F145CE0037B96B /* SceneDelegate.swift */; };
		BC65330C24F145CE0037B96B /* Main.storyboard in Resources */ = {isa = PBXBuildFile; fileRef = BC65330A24F145CE0037B96B /* Main.storyboard */; };
		BC65330E24F145CF0037B96B /* Assets.xcassets in Resources */ = {isa = PBXBuildFile; fileRef = BC65330D24F145CF0037B96B /* Assets.xcassets */; };
		BC65331124F145CF0037B96B /* LaunchScreen.storyboard in Resources */ = {isa = PBXBuildFile; fileRef = BC65330F24F145CF0037B96B /* LaunchScreen.storyboard */; };
		BC65331C24F145D00037B96B /* TreasureHuntingiOSTests.swift in Sources */ = {isa = PBXBuildFile; fileRef = BC65331B24F145D00037B96B /* TreasureHuntingiOSTests.swift */; };
		BC65332724F145D00037B96B /* TreasureHuntingiOSUITests.swift in Sources */ = {isa = PBXBuildFile; fileRef = BC65332624F145D00037B96B /* TreasureHuntingiOSUITests.swift */; };
		BC65333624F14CB70037B96B /* Attachment.swift in Sources */ = {isa = PBXBuildFile; fileRef = BC65333524F14CB70037B96B /* Attachment.swift */; };
		BC65333824F14CC30037B96B /* Hunt.swift in Sources */ = {isa = PBXBuildFile; fileRef = BC65333724F14CC30037B96B /* Hunt.swift */; };
		BC65333C24F14D070037B96B /* Stage.swift in Sources */ = {isa = PBXBuildFile; fileRef = BC65333B24F14D070037B96B /* Stage.swift */; };
		BC65333E24F14D170037B96B /* Summary.swift in Sources */ = {isa = PBXBuildFile; fileRef = BC65333D24F14D170037B96B /* Summary.swift */; };
		BC65334124F14D970037B96B /* JSONParser.swift in Sources */ = {isa = PBXBuildFile; fileRef = BC65334024F14D970037B96B /* JSONParser.swift */; };
		BC8BE757252A6C1300046018 /* HuntDetailViewController.swift in Sources */ = {isa = PBXBuildFile; fileRef = BC8BE756252A6C1300046018 /* HuntDetailViewController.swift */; };
		BC8BE761252E0EE600046018 /* GenericRow.swift in Sources */ = {isa = PBXBuildFile; fileRef = BC8BE760252E0EE600046018 /* GenericRow.swift */; };
		BC8BE76D252E1D6600046018 /* GenericTextCell.swift in Sources */ = {isa = PBXBuildFile; fileRef = BC8BE76B252E1D6600046018 /* GenericTextCell.swift */; };
		BC8BE76E252E1D6600046018 /* GenericTextCell.xib in Resources */ = {isa = PBXBuildFile; fileRef = BC8BE76C252E1D6600046018 /* GenericTextCell.xib */; };
		BCA212912504293A00A7BBF3 /* HuntTableViewController.swift in Sources */ = {isa = PBXBuildFile; fileRef = BCA212902504293A00A7BBF3 /* HuntTableViewController.swift */; };
		BCA2129425042B7900A7BBF3 /* HuntTableViewCell.swift in Sources */ = {isa = PBXBuildFile; fileRef = BCA2129225042B7900A7BBF3 /* HuntTableViewCell.swift */; };
		BCA2129525042B7900A7BBF3 /* HuntTableViewCell.xib in Resources */ = {isa = PBXBuildFile; fileRef = BCA2129325042B7900A7BBF3 /* HuntTableViewCell.xib */; };
		BCC6D32925CEEFE2005C8342 /* ContentfulConfig.swift in Sources */ = {isa = PBXBuildFile; fileRef = BCC6D32825CEEFE2005C8342 /* ContentfulConfig.swift */; };
		BCC6D32E25CEF6D9005C8342 /* ContentfulManager.swift in Sources */ = {isa = PBXBuildFile; fileRef = BCC6D32D25CEF6D9005C8342 /* ContentfulManager.swift */; };
		BCDD840B255C49830053DCF0 /* GenericAttachmentsCell.swift in Sources */ = {isa = PBXBuildFile; fileRef = BCDD8409255C49830053DCF0 /* GenericAttachmentsCell.swift */; };
		BCDD840C255C49830053DCF0 /* GenericAttachmentsCell.xib in Resources */ = {isa = PBXBuildFile; fileRef = BCDD840A255C49830053DCF0 /* GenericAttachmentsCell.xib */; };
		BCDD8413255C4A7B0053DCF0 /* ImageWithNameCell.swift in Sources */ = {isa = PBXBuildFile; fileRef = BCDD8411255C4A7B0053DCF0 /* ImageWithNameCell.swift */; };
		BCDD8414255C4A7B0053DCF0 /* ImageWithNameCell.xib in Resources */ = {isa = PBXBuildFile; fileRef = BCDD8412255C4A7B0053DCF0 /* ImageWithNameCell.xib */; };
		BCF397ED24FFEC8D00F78D1B /* Logger.swift in Sources */ = {isa = PBXBuildFile; fileRef = BCF397EC24FFEC8D00F78D1B /* Logger.swift */; };
		C77F45DAF529C7EE0BFFFE55 /* Pods_TreasureHuntingiOS_TreasureHuntingiOSUITests.framework in Frameworks */ = {isa = PBXBuildFile; fileRef = A3444B0B8436C17DBEBE04D8 /* Pods_TreasureHuntingiOS_TreasureHuntingiOSUITests.framework */; };
/* End PBXBuildFile section */

/* Begin PBXContainerItemProxy section */
		BC65331824F145D00037B96B /* PBXContainerItemProxy */ = {
			isa = PBXContainerItemProxy;
			containerPortal = BC6532F924F145CE0037B96B /* Project object */;
			proxyType = 1;
			remoteGlobalIDString = BC65330024F145CE0037B96B;
			remoteInfo = TreasureHuntingiOS;
		};
		BC65332324F145D00037B96B /* PBXContainerItemProxy */ = {
			isa = PBXContainerItemProxy;
			containerPortal = BC6532F924F145CE0037B96B /* Project object */;
			proxyType = 1;
			remoteGlobalIDString = BC65330024F145CE0037B96B;
			remoteInfo = TreasureHuntingiOS;
		};
/* End PBXContainerItemProxy section */

/* Begin PBXFileReference section */
		47F3CBAFFD13C039BF1E2B91 /* Pods_TreasureHuntingiOS.framework */ = {isa = PBXFileReference; explicitFileType = wrapper.framework; includeInIndex = 0; path = Pods_TreasureHuntingiOS.framework; sourceTree = BUILT_PRODUCTS_DIR; };
		4CE1E1AEEDA62BAC2CFAE076 /* Pods-TreasureHuntingiOS-TreasureHuntingiOSUITests.release.xcconfig */ = {isa = PBXFileReference; includeInIndex = 1; lastKnownFileType = text.xcconfig; name = "Pods-TreasureHuntingiOS-TreasureHuntingiOSUITests.release.xcconfig"; path = "Target Support Files/Pods-TreasureHuntingiOS-TreasureHuntingiOSUITests/Pods-TreasureHuntingiOS-TreasureHuntingiOSUITests.release.xcconfig"; sourceTree = "<group>"; };
		567D2B1B87A93319117EA66C /* Pods-TreasureHuntingiOS.release.xcconfig */ = {isa = PBXFileReference; includeInIndex = 1; lastKnownFileType = text.xcconfig; name = "Pods-TreasureHuntingiOS.release.xcconfig"; path = "Target Support Files/Pods-TreasureHuntingiOS/Pods-TreasureHuntingiOS.release.xcconfig"; sourceTree = "<group>"; };
		683E95F82A13F0572C41CAD0 /* Pods-TreasureHuntingiOSTests.release.xcconfig */ = {isa = PBXFileReference; includeInIndex = 1; lastKnownFileType = text.xcconfig; name = "Pods-TreasureHuntingiOSTests.release.xcconfig"; path = "Target Support Files/Pods-TreasureHuntingiOSTests/Pods-TreasureHuntingiOSTests.release.xcconfig"; sourceTree = "<group>"; };
		A3444B0B8436C17DBEBE04D8 /* Pods_TreasureHuntingiOS_TreasureHuntingiOSUITests.framework */ = {isa = PBXFileReference; explicitFileType = wrapper.framework; includeInIndex = 0; path = Pods_TreasureHuntingiOS_TreasureHuntingiOSUITests.framework; sourceTree = BUILT_PRODUCTS_DIR; };
		AE61BCC19A26652FB2B55008 /* Pods-TreasureHuntingiOSTests.debug.xcconfig */ = {isa = PBXFileReference; includeInIndex = 1; lastKnownFileType = text.xcconfig; name = "Pods-TreasureHuntingiOSTests.debug.xcconfig"; path = "Target Support Files/Pods-TreasureHuntingiOSTests/Pods-TreasureHuntingiOSTests.debug.xcconfig"; sourceTree = "<group>"; };
		BC2E48D425374AE200FA285F /* InfoBadgeBar.xib */ = {isa = PBXFileReference; lastKnownFileType = file.xib; path = InfoBadgeBar.xib; sourceTree = "<group>"; };
		BC2E48DA25374AFD00FA285F /* InfoBadgeBar.swift */ = {isa = PBXFileReference; lastKnownFileType = sourcecode.swift; path = InfoBadgeBar.swift; sourceTree = "<group>"; };
		BC33A1E82524DBE7003AACEF /* HuntManager.swift */ = {isa = PBXFileReference; lastKnownFileType = sourcecode.swift; path = HuntManager.swift; sourceTree = "<group>"; };
		BC33A1F02524E303003AACEF /* DatabaseManager.swift */ = {isa = PBXFileReference; lastKnownFileType = sourcecode.swift; path = DatabaseManager.swift; sourceTree = "<group>"; };
		BC4734E924FD87F600857F58 /* demo_hunt.json */ = {isa = PBXFileReference; fileEncoding = 4; lastKnownFileType = text.json; path = demo_hunt.json; sourceTree = "<group>"; };
		BC5D7F8425091E0D0044BA0C /* UITableViewExtension.swift */ = {isa = PBXFileReference; lastKnownFileType = sourcecode.swift; path = UITableViewExtension.swift; sourceTree = "<group>"; };
		BC65330124F145CE0037B96B /* TreasureHuntingiOS.app */ = {isa = PBXFileReference; explicitFileType = wrapper.application; includeInIndex = 0; path = TreasureHuntingiOS.app; sourceTree = BUILT_PRODUCTS_DIR; };
		BC65330424F145CE0037B96B /* AppDelegate.swift */ = {isa = PBXFileReference; lastKnownFileType = sourcecode.swift; path = AppDelegate.swift; sourceTree = "<group>"; };
		BC65330624F145CE0037B96B /* SceneDelegate.swift */ = {isa = PBXFileReference; lastKnownFileType = sourcecode.swift; path = SceneDelegate.swift; sourceTree = "<group>"; };
		BC65330B24F145CE0037B96B /* Base */ = {isa = PBXFileReference; lastKnownFileType = file.storyboard; name = Base; path = Base.lproj/Main.storyboard; sourceTree = "<group>"; };
		BC65330D24F145CF0037B96B /* Assets.xcassets */ = {isa = PBXFileReference; lastKnownFileType = folder.assetcatalog; path = Assets.xcassets; sourceTree = "<group>"; };
		BC65331024F145CF0037B96B /* Base */ = {isa = PBXFileReference; lastKnownFileType = file.storyboard; name = Base; path = Base.lproj/LaunchScreen.storyboard; sourceTree = "<group>"; };
		BC65331224F145CF0037B96B /* Info.plist */ = {isa = PBXFileReference; lastKnownFileType = text.plist.xml; path = Info.plist; sourceTree = "<group>"; };
		BC65331724F145D00037B96B /* TreasureHuntingiOSTests.xctest */ = {isa = PBXFileReference; explicitFileType = wrapper.cfbundle; includeInIndex = 0; path = TreasureHuntingiOSTests.xctest; sourceTree = BUILT_PRODUCTS_DIR; };
		BC65331B24F145D00037B96B /* TreasureHuntingiOSTests.swift */ = {isa = PBXFileReference; lastKnownFileType = sourcecode.swift; path = TreasureHuntingiOSTests.swift; sourceTree = "<group>"; };
		BC65331D24F145D00037B96B /* Info.plist */ = {isa = PBXFileReference; lastKnownFileType = text.plist.xml; path = Info.plist; sourceTree = "<group>"; };
		BC65332224F145D00037B96B /* TreasureHuntingiOSUITests.xctest */ = {isa = PBXFileReference; explicitFileType = wrapper.cfbundle; includeInIndex = 0; path = TreasureHuntingiOSUITests.xctest; sourceTree = BUILT_PRODUCTS_DIR; };
		BC65332624F145D00037B96B /* TreasureHuntingiOSUITests.swift */ = {isa = PBXFileReference; lastKnownFileType = sourcecode.swift; path = TreasureHuntingiOSUITests.swift; sourceTree = "<group>"; };
		BC65332824F145D00037B96B /* Info.plist */ = {isa = PBXFileReference; lastKnownFileType = text.plist.xml; path = Info.plist; sourceTree = "<group>"; };
		BC65333524F14CB70037B96B /* Attachment.swift */ = {isa = PBXFileReference; lastKnownFileType = sourcecode.swift; path = Attachment.swift; sourceTree = "<group>"; };
		BC65333724F14CC30037B96B /* Hunt.swift */ = {isa = PBXFileReference; lastKnownFileType = sourcecode.swift; path = Hunt.swift; sourceTree = "<group>"; };
		BC65333B24F14D070037B96B /* Stage.swift */ = {isa = PBXFileReference; lastKnownFileType = sourcecode.swift; path = Stage.swift; sourceTree = "<group>"; };
		BC65333D24F14D170037B96B /* Summary.swift */ = {isa = PBXFileReference; lastKnownFileType = sourcecode.swift; path = Summary.swift; sourceTree = "<group>"; };
		BC65334024F14D970037B96B /* JSONParser.swift */ = {isa = PBXFileReference; lastKnownFileType = sourcecode.swift; path = JSONParser.swift; sourceTree = "<group>"; };
		BC8BE756252A6C1300046018 /* HuntDetailViewController.swift */ = {isa = PBXFileReference; lastKnownFileType = sourcecode.swift; path = HuntDetailViewController.swift; sourceTree = "<group>"; };
		BC8BE760252E0EE600046018 /* GenericRow.swift */ = {isa = PBXFileReference; lastKnownFileType = sourcecode.swift; path = GenericRow.swift; sourceTree = "<group>"; };
		BC8BE76B252E1D6600046018 /* GenericTextCell.swift */ = {isa = PBXFileReference; lastKnownFileType = sourcecode.swift; path = GenericTextCell.swift; sourceTree = "<group>"; };
		BC8BE76C252E1D6600046018 /* GenericTextCell.xib */ = {isa = PBXFileReference; lastKnownFileType = file.xib; path = GenericTextCell.xib; sourceTree = "<group>"; };
		BCA212902504293A00A7BBF3 /* HuntTableViewController.swift */ = {isa = PBXFileReference; lastKnownFileType = sourcecode.swift; path = HuntTableViewController.swift; sourceTree = "<group>"; };
		BCA2129225042B7900A7BBF3 /* HuntTableViewCell.swift */ = {isa = PBXFileReference; lastKnownFileType = sourcecode.swift; path = HuntTableViewCell.swift; sourceTree = "<group>"; };
		BCA2129325042B7900A7BBF3 /* HuntTableViewCell.xib */ = {isa = PBXFileReference; lastKnownFileType = file.xib; path = HuntTableViewCell.xib; sourceTree = "<group>"; };
		BCC6D32825CEEFE2005C8342 /* ContentfulConfig.swift */ = {isa = PBXFileReference; lastKnownFileType = sourcecode.swift; path = ContentfulConfig.swift; sourceTree = "<group>"; };
		BCC6D32D25CEF6D9005C8342 /* ContentfulManager.swift */ = {isa = PBXFileReference; lastKnownFileType = sourcecode.swift; path = ContentfulManager.swift; sourceTree = "<group>"; };
		BCDD8409255C49830053DCF0 /* GenericAttachmentsCell.swift */ = {isa = PBXFileReference; lastKnownFileType = sourcecode.swift; path = GenericAttachmentsCell.swift; sourceTree = "<group>"; };
		BCDD840A255C49830053DCF0 /* GenericAttachmentsCell.xib */ = {isa = PBXFileReference; lastKnownFileType = file.xib; path = GenericAttachmentsCell.xib; sourceTree = "<group>"; };
		BCDD8411255C4A7B0053DCF0 /* ImageWithNameCell.swift */ = {isa = PBXFileReference; lastKnownFileType = sourcecode.swift; path = ImageWithNameCell.swift; sourceTree = "<group>"; };
		BCDD8412255C4A7B0053DCF0 /* ImageWithNameCell.xib */ = {isa = PBXFileReference; lastKnownFileType = file.xib; path = ImageWithNameCell.xib; sourceTree = "<group>"; };
		BCF397EC24FFEC8D00F78D1B /* Logger.swift */ = {isa = PBXFileReference; lastKnownFileType = sourcecode.swift; path = Logger.swift; sourceTree = "<group>"; };
		C0B52EA0D52A0BDF3FE27021 /* Pods_TreasureHuntingiOSTests.framework */ = {isa = PBXFileReference; explicitFileType = wrapper.framework; includeInIndex = 0; path = Pods_TreasureHuntingiOSTests.framework; sourceTree = BUILT_PRODUCTS_DIR; };
		C5A63B2FDCC750B41E759219 /* Pods-TreasureHuntingiOS.debug.xcconfig */ = {isa = PBXFileReference; includeInIndex = 1; lastKnownFileType = text.xcconfig; name = "Pods-TreasureHuntingiOS.debug.xcconfig"; path = "Target Support Files/Pods-TreasureHuntingiOS/Pods-TreasureHuntingiOS.debug.xcconfig"; sourceTree = "<group>"; };
		E66A517E642933E7A7804CBE /* Pods-TreasureHuntingiOS-TreasureHuntingiOSUITests.debug.xcconfig */ = {isa = PBXFileReference; includeInIndex = 1; lastKnownFileType = text.xcconfig; name = "Pods-TreasureHuntingiOS-TreasureHuntingiOSUITests.debug.xcconfig"; path = "Target Support Files/Pods-TreasureHuntingiOS-TreasureHuntingiOSUITests/Pods-TreasureHuntingiOS-TreasureHuntingiOSUITests.debug.xcconfig"; sourceTree = "<group>"; };
/* End PBXFileReference section */

/* Begin PBXFrameworksBuildPhase section */
		BC6532FE24F145CE0037B96B /* Frameworks */ = {
			isa = PBXFrameworksBuildPhase;
			buildActionMask = 2147483647;
			files = (
				1B84251EB0202FA900CEF729 /* Pods_TreasureHuntingiOS.framework in Frameworks */,
			);
			runOnlyForDeploymentPostprocessing = 0;
		};
		BC65331424F145D00037B96B /* Frameworks */ = {
			isa = PBXFrameworksBuildPhase;
			buildActionMask = 2147483647;
			files = (
				A253EA8518AD06212E991D39 /* Pods_TreasureHuntingiOSTests.framework in Frameworks */,
			);
			runOnlyForDeploymentPostprocessing = 0;
		};
		BC65331F24F145D00037B96B /* Frameworks */ = {
			isa = PBXFrameworksBuildPhase;
			buildActionMask = 2147483647;
			files = (
				C77F45DAF529C7EE0BFFFE55 /* Pods_TreasureHuntingiOS_TreasureHuntingiOSUITests.framework in Frameworks */,
			);
			runOnlyForDeploymentPostprocessing = 0;
		};
/* End PBXFrameworksBuildPhase section */

/* Begin PBXGroup section */
		4597B44756E6DC091BB53779 /* Frameworks */ = {
			isa = PBXGroup;
			children = (
				47F3CBAFFD13C039BF1E2B91 /* Pods_TreasureHuntingiOS.framework */,
				A3444B0B8436C17DBEBE04D8 /* Pods_TreasureHuntingiOS_TreasureHuntingiOSUITests.framework */,
				C0B52EA0D52A0BDF3FE27021 /* Pods_TreasureHuntingiOSTests.framework */,
			);
			name = Frameworks;
			sourceTree = "<group>";
		};
		6BC31F70369F3AF7A3C8683C /* Pods */ = {
			isa = PBXGroup;
			children = (
				C5A63B2FDCC750B41E759219 /* Pods-TreasureHuntingiOS.debug.xcconfig */,
				567D2B1B87A93319117EA66C /* Pods-TreasureHuntingiOS.release.xcconfig */,
				E66A517E642933E7A7804CBE /* Pods-TreasureHuntingiOS-TreasureHuntingiOSUITests.debug.xcconfig */,
				4CE1E1AEEDA62BAC2CFAE076 /* Pods-TreasureHuntingiOS-TreasureHuntingiOSUITests.release.xcconfig */,
				AE61BCC19A26652FB2B55008 /* Pods-TreasureHuntingiOSTests.debug.xcconfig */,
				683E95F82A13F0572C41CAD0 /* Pods-TreasureHuntingiOSTests.release.xcconfig */,
			);
			path = Pods;
			sourceTree = "<group>";
		};
		BC2E48CB2537494600FA285F /* InfoBadgeBar */ = {
			isa = PBXGroup;
			children = (
				BC2E48D425374AE200FA285F /* InfoBadgeBar.xib */,
				BC2E48DA25374AFD00FA285F /* InfoBadgeBar.swift */,
			);
			path = InfoBadgeBar;
			sourceTree = "<group>";
		};
		BC33A1E72524DBBA003AACEF /* Managers */ = {
			isa = PBXGroup;
			children = (
				BCC6D32725CEEFBF005C8342 /* Contentful */,
				BC33A1E82524DBE7003AACEF /* HuntManager.swift */,
			);
			path = Managers;
			sourceTree = "<group>";
		};
		BC5D7F8325091DE50044BA0C /* Extensions */ = {
			isa = PBXGroup;
			children = (
				BC5D7F8425091E0D0044BA0C /* UITableViewExtension.swift */,
			);
			path = Extensions;
			sourceTree = "<group>";
		};
		BC6532F824F145CE0037B96B = {
			isa = PBXGroup;
			children = (
				BC65330324F145CE0037B96B /* TreasureHuntingiOS */,
				BC65331A24F145D00037B96B /* TreasureHuntingiOSTests */,
				BC65332524F145D00037B96B /* TreasureHuntingiOSUITests */,
				BC65330224F145CE0037B96B /* Products */,
				6BC31F70369F3AF7A3C8683C /* Pods */,
				4597B44756E6DC091BB53779 /* Frameworks */,
			);
			sourceTree = "<group>";
		};
		BC65330224F145CE0037B96B /* Products */ = {
			isa = PBXGroup;
			children = (
				BC65330124F145CE0037B96B /* TreasureHuntingiOS.app */,
				BC65331724F145D00037B96B /* TreasureHuntingiOSTests.xctest */,
				BC65332224F145D00037B96B /* TreasureHuntingiOSUITests.xctest */,
			);
			name = Products;
			sourceTree = "<group>";
		};
		BC65330324F145CE0037B96B /* TreasureHuntingiOS */ = {
			isa = PBXGroup;
			children = (
				BC8BE768252E1D0B00046018 /* Components */,
				BC8BE75D252E0D9600046018 /* Main */,
				BC8BE75C252E0D6F00046018 /* Master */,
				BC8BE75B252E0D5D00046018 /* Player */,
				BC33A1E72524DBBA003AACEF /* Managers */,
				BC5D7F8325091DE50044BA0C /* Extensions */,
				BC65334224F158640037B96B /* Supporting Files */,
				BC65333F24F14D740037B96B /* Database */,
				BC65333424F14C7F0037B96B /* Model */,
				BC65330424F145CE0037B96B /* AppDelegate.swift */,
				BC65330624F145CE0037B96B /* SceneDelegate.swift */,
				BC65330A24F145CE0037B96B /* Main.storyboard */,
				BC65330D24F145CF0037B96B /* Assets.xcassets */,
				BC65330F24F145CF0037B96B /* LaunchScreen.storyboard */,
				BC65331224F145CF0037B96B /* Info.plist */,
			);
			path = TreasureHuntingiOS;
			sourceTree = "<group>";
		};
		BC65331A24F145D00037B96B /* TreasureHuntingiOSTests */ = {
			isa = PBXGroup;
			children = (
				BC65331B24F145D00037B96B /* TreasureHuntingiOSTests.swift */,
				BC65331D24F145D00037B96B /* Info.plist */,
			);
			path = TreasureHuntingiOSTests;
			sourceTree = "<group>";
		};
		BC65332524F145D00037B96B /* TreasureHuntingiOSUITests */ = {
			isa = PBXGroup;
			children = (
				BC65332624F145D00037B96B /* TreasureHuntingiOSUITests.swift */,
				BC65332824F145D00037B96B /* Info.plist */,
			);
			path = TreasureHuntingiOSUITests;
			sourceTree = "<group>";
		};
		BC65333424F14C7F0037B96B /* Model */ = {
			isa = PBXGroup;
			children = (
				BC65333524F14CB70037B96B /* Attachment.swift */,
				BC65333724F14CC30037B96B /* Hunt.swift */,
				BC65333B24F14D070037B96B /* Stage.swift */,
				BC65333D24F14D170037B96B /* Summary.swift */,
			);
			path = Model;
			sourceTree = "<group>";
		};
		BC65333F24F14D740037B96B /* Database */ = {
			isa = PBXGroup;
			children = (
				BC65334024F14D970037B96B /* JSONParser.swift */,
				BC33A1F02524E303003AACEF /* DatabaseManager.swift */,
			);
			path = Database;
			sourceTree = "<group>";
		};
		BC65334224F158640037B96B /* Supporting Files */ = {
			isa = PBXGroup;
			children = (
				BCA212962505713500A7BBF3 /* HuntsJson */,
				BCF397EC24FFEC8D00F78D1B /* Logger.swift */,
			);
			path = "Supporting Files";
			sourceTree = "<group>";
		};
		BC8BE75B252E0D5D00046018 /* Player */ = {
			isa = PBXGroup;
			children = (
				BC8BE75F252E0DCC00046018 /* Cells */,
				BC8BE756252A6C1300046018 /* HuntDetailViewController.swift */,
			);
			path = Player;
			sourceTree = "<group>";
		};
		BC8BE75C252E0D6F00046018 /* Master */ = {
			isa = PBXGroup;
			children = (
			);
			path = Master;
			sourceTree = "<group>";
		};
		BC8BE75D252E0D9600046018 /* Main */ = {
			isa = PBXGroup;
			children = (
				BC8BE75E252E0DBD00046018 /* Cells */,
				BCA212902504293A00A7BBF3 /* HuntTableViewController.swift */,
			);
			path = Main;
			sourceTree = "<group>";
		};
		BC8BE75E252E0DBD00046018 /* Cells */ = {
			isa = PBXGroup;
			children = (
			);
			path = Cells;
			sourceTree = "<group>";
		};
		BC8BE75F252E0DCC00046018 /* Cells */ = {
			isa = PBXGroup;
			children = (
			);
			path = Cells;
			sourceTree = "<group>";
		};
		BC8BE768252E1D0B00046018 /* Components */ = {
			isa = PBXGroup;
			children = (
				BC2E48CB2537494600FA285F /* InfoBadgeBar */,
				BC8BE769252E1D1F00046018 /* GenericTable */,
			);
			path = Components;
			sourceTree = "<group>";
		};
		BC8BE769252E1D1F00046018 /* GenericTable */ = {
			isa = PBXGroup;
			children = (
				BC8BE76A252E1D3700046018 /* GenericRows */,
				BC8BE760252E0EE600046018 /* GenericRow.swift */,
			);
			path = GenericTable;
			sourceTree = "<group>";
		};
		BC8BE76A252E1D3700046018 /* GenericRows */ = {
			isa = PBXGroup;
			children = (
				BCDD8410255C4A500053DCF0 /* GenericAttachmentCell */,
				BC8BE76B252E1D6600046018 /* GenericTextCell.swift */,
				BC8BE76C252E1D6600046018 /* GenericTextCell.xib */,
				BCA2129225042B7900A7BBF3 /* HuntTableViewCell.swift */,
				BCA2129325042B7900A7BBF3 /* HuntTableViewCell.xib */,
			);
			path = GenericRows;
			sourceTree = "<group>";
		};
		BCA212962505713500A7BBF3 /* HuntsJson */ = {
			isa = PBXGroup;
			children = (
				BC4734E924FD87F600857F58 /* demo_hunt.json */,
			);
			path = HuntsJson;
			sourceTree = "<group>";
		};
		BCC6D32725CEEFBF005C8342 /* Contentful */ = {
			isa = PBXGroup;
			children = (
				BCC6D32825CEEFE2005C8342 /* ContentfulConfig.swift */,
				BCC6D32D25CEF6D9005C8342 /* ContentfulManager.swift */,
			);
			path = Contentful;
			sourceTree = "<group>";
		};
		BCDD8410255C4A500053DCF0 /* GenericAttachmentCell */ = {
			isa = PBXGroup;
			children = (
				BCDD8409255C49830053DCF0 /* GenericAttachmentsCell.swift */,
				BCDD840A255C49830053DCF0 /* GenericAttachmentsCell.xib */,
				BCDD8411255C4A7B0053DCF0 /* ImageWithNameCell.swift */,
				BCDD8412255C4A7B0053DCF0 /* ImageWithNameCell.xib */,
			);
			path = GenericAttachmentCell;
			sourceTree = "<group>";
		};
/* End PBXGroup section */

/* Begin PBXNativeTarget section */
		BC65330024F145CE0037B96B /* TreasureHuntingiOS */ = {
			isa = PBXNativeTarget;
			buildConfigurationList = BC65332B24F145D00037B96B /* Build configuration list for PBXNativeTarget "TreasureHuntingiOS" */;
			buildPhases = (
				288FB9087CB95381862F8689 /* [CP] Check Pods Manifest.lock */,
				BC6532FD24F145CE0037B96B /* Sources */,
				BC6532FE24F145CE0037B96B /* Frameworks */,
				BC6532FF24F145CE0037B96B /* Resources */,
				BCF397EB24FFE37900F78D1B /* ShellScript */,
				62E31C81DD846458A0F5689B /* [CP] Embed Pods Frameworks */,
			);
			buildRules = (
			);
			dependencies = (
			);
			name = TreasureHuntingiOS;
			productName = TreasureHuntingiOS;
			productReference = BC65330124F145CE0037B96B /* TreasureHuntingiOS.app */;
			productType = "com.apple.product-type.application";
		};
		BC65331624F145D00037B96B /* TreasureHuntingiOSTests */ = {
			isa = PBXNativeTarget;
			buildConfigurationList = BC65332E24F145D00037B96B /* Build configuration list for PBXNativeTarget "TreasureHuntingiOSTests" */;
			buildPhases = (
				781FF37846E06C6556500B03 /* [CP] Check Pods Manifest.lock */,
				BC65331324F145D00037B96B /* Sources */,
				BC65331424F145D00037B96B /* Frameworks */,
				BC65331524F145D00037B96B /* Resources */,
			);
			buildRules = (
			);
			dependencies = (
				BC65331924F145D00037B96B /* PBXTargetDependency */,
			);
			name = TreasureHuntingiOSTests;
			productName = TreasureHuntingiOSTests;
			productReference = BC65331724F145D00037B96B /* TreasureHuntingiOSTests.xctest */;
			productType = "com.apple.product-type.bundle.unit-test";
		};
		BC65332124F145D00037B96B /* TreasureHuntingiOSUITests */ = {
			isa = PBXNativeTarget;
			buildConfigurationList = BC65333124F145D00037B96B /* Build configuration list for PBXNativeTarget "TreasureHuntingiOSUITests" */;
			buildPhases = (
				7EFE320B3E1C039F659C6763 /* [CP] Check Pods Manifest.lock */,
				BC65331E24F145D00037B96B /* Sources */,
				BC65331F24F145D00037B96B /* Frameworks */,
				BC65332024F145D00037B96B /* Resources */,
				6925107B8EAEA6C1B7CEABB1 /* [CP] Embed Pods Frameworks */,
			);
			buildRules = (
			);
			dependencies = (
				BC65332424F145D00037B96B /* PBXTargetDependency */,
			);
			name = TreasureHuntingiOSUITests;
			productName = TreasureHuntingiOSUITests;
			productReference = BC65332224F145D00037B96B /* TreasureHuntingiOSUITests.xctest */;
			productType = "com.apple.product-type.bundle.ui-testing";
		};
/* End PBXNativeTarget section */

/* Begin PBXProject section */
		BC6532F924F145CE0037B96B /* Project object */ = {
			isa = PBXProject;
			attributes = {
				LastSwiftUpdateCheck = 1160;
				LastUpgradeCheck = 1200;
				ORGANIZATIONNAME = "Xiaoxiao Wu";
				TargetAttributes = {
					BC65330024F145CE0037B96B = {
						CreatedOnToolsVersion = 11.6;
					};
					BC65331624F145D00037B96B = {
						CreatedOnToolsVersion = 11.6;
						TestTargetID = BC65330024F145CE0037B96B;
					};
					BC65332124F145D00037B96B = {
						CreatedOnToolsVersion = 11.6;
						TestTargetID = BC65330024F145CE0037B96B;
					};
				};
			};
			buildConfigurationList = BC6532FC24F145CE0037B96B /* Build configuration list for PBXProject "TreasureHuntingiOS" */;
			compatibilityVersion = "Xcode 9.3";
			developmentRegion = en;
			hasScannedForEncodings = 0;
			knownRegions = (
				en,
				Base,
			);
			mainGroup = BC6532F824F145CE0037B96B;
			productRefGroup = BC65330224F145CE0037B96B /* Products */;
			projectDirPath = "";
			projectRoot = "";
			targets = (
				BC65330024F145CE0037B96B /* TreasureHuntingiOS */,
				BC65331624F145D00037B96B /* TreasureHuntingiOSTests */,
				BC65332124F145D00037B96B /* TreasureHuntingiOSUITests */,
			);
		};
/* End PBXProject section */

/* Begin PBXResourcesBuildPhase section */
		BC6532FF24F145CE0037B96B /* Resources */ = {
			isa = PBXResourcesBuildPhase;
			buildActionMask = 2147483647;
			files = (
				BCDD8414255C4A7B0053DCF0 /* ImageWithNameCell.xib in Resources */,
				BC8BE76E252E1D6600046018 /* GenericTextCell.xib in Resources */,
				BC65331124F145CF0037B96B /* LaunchScreen.storyboard in Resources */,
				BC4734EA24FD87F600857F58 /* demo_hunt.json in Resources */,
				BC65330E24F145CF0037B96B /* Assets.xcassets in Resources */,
				BCDD840C255C49830053DCF0 /* GenericAttachmentsCell.xib in Resources */,
				BCA2129525042B7900A7BBF3 /* HuntTableViewCell.xib in Resources */,
				BC2E48D525374AE200FA285F /* InfoBadgeBar.xib in Resources */,
				BC65330C24F145CE0037B96B /* Main.storyboard in Resources */,
			);
			runOnlyForDeploymentPostprocessing = 0;
		};
		BC65331524F145D00037B96B /* Resources */ = {
			isa = PBXResourcesBuildPhase;
			buildActionMask = 2147483647;
			files = (
			);
			runOnlyForDeploymentPostprocessing = 0;
		};
		BC65332024F145D00037B96B /* Resources */ = {
			isa = PBXResourcesBuildPhase;
			buildActionMask = 2147483647;
			files = (
			);
			runOnlyForDeploymentPostprocessing = 0;
		};
/* End PBXResourcesBuildPhase section */

/* Begin PBXShellScriptBuildPhase section */
		288FB9087CB95381862F8689 /* [CP] Check Pods Manifest.lock */ = {
			isa = PBXShellScriptBuildPhase;
			buildActionMask = 2147483647;
			files = (
			);
			inputFileListPaths = (
			);
			inputPaths = (
				"${PODS_PODFILE_DIR_PATH}/Podfile.lock",
				"${PODS_ROOT}/Manifest.lock",
			);
			name = "[CP] Check Pods Manifest.lock";
			outputFileListPaths = (
			);
			outputPaths = (
				"$(DERIVED_FILE_DIR)/Pods-TreasureHuntingiOS-checkManifestLockResult.txt",
			);
			runOnlyForDeploymentPostprocessing = 0;
			shellPath = /bin/sh;
			shellScript = "diff \"${PODS_PODFILE_DIR_PATH}/Podfile.lock\" \"${PODS_ROOT}/Manifest.lock\" > /dev/null\nif [ $? != 0 ] ; then\n    # print error to STDERR\n    echo \"error: The sandbox is not in sync with the Podfile.lock. Run 'pod install' or update your CocoaPods installation.\" >&2\n    exit 1\nfi\n# This output is used by Xcode 'outputs' to avoid re-running this script phase.\necho \"SUCCESS\" > \"${SCRIPT_OUTPUT_FILE_0}\"\n";
			showEnvVarsInLog = 0;
		};
		62E31C81DD846458A0F5689B /* [CP] Embed Pods Frameworks */ = {
			isa = PBXShellScriptBuildPhase;
			buildActionMask = 2147483647;
			files = (
			);
			inputFileListPaths = (
				"${PODS_ROOT}/Target Support Files/Pods-TreasureHuntingiOS/Pods-TreasureHuntingiOS-frameworks-${CONFIGURATION}-input-files.xcfilelist",
			);
			name = "[CP] Embed Pods Frameworks";
			outputFileListPaths = (
				"${PODS_ROOT}/Target Support Files/Pods-TreasureHuntingiOS/Pods-TreasureHuntingiOS-frameworks-${CONFIGURATION}-output-files.xcfilelist",
			);
			runOnlyForDeploymentPostprocessing = 0;
			shellPath = /bin/sh;
			shellScript = "\"${PODS_ROOT}/Target Support Files/Pods-TreasureHuntingiOS/Pods-TreasureHuntingiOS-frameworks.sh\"\n";
			showEnvVarsInLog = 0;
		};
		6925107B8EAEA6C1B7CEABB1 /* [CP] Embed Pods Frameworks */ = {
			isa = PBXShellScriptBuildPhase;
			buildActionMask = 2147483647;
			files = (
			);
			inputFileListPaths = (
				"${PODS_ROOT}/Target Support Files/Pods-TreasureHuntingiOS-TreasureHuntingiOSUITests/Pods-TreasureHuntingiOS-TreasureHuntingiOSUITests-frameworks-${CONFIGURATION}-input-files.xcfilelist",
			);
			name = "[CP] Embed Pods Frameworks";
			outputFileListPaths = (
				"${PODS_ROOT}/Target Support Files/Pods-TreasureHuntingiOS-TreasureHuntingiOSUITests/Pods-TreasureHuntingiOS-TreasureHuntingiOSUITests-frameworks-${CONFIGURATION}-output-files.xcfilelist",
			);
			runOnlyForDeploymentPostprocessing = 0;
			shellPath = /bin/sh;
			shellScript = "\"${PODS_ROOT}/Target Support Files/Pods-TreasureHuntingiOS-TreasureHuntingiOSUITests/Pods-TreasureHuntingiOS-TreasureHuntingiOSUITests-frameworks.sh\"\n";
			showEnvVarsInLog = 0;
		};
		781FF37846E06C6556500B03 /* [CP] Check Pods Manifest.lock */ = {
			isa = PBXShellScriptBuildPhase;
			buildActionMask = 2147483647;
			files = (
			);
			inputFileListPaths = (
			);
			inputPaths = (
				"${PODS_PODFILE_DIR_PATH}/Podfile.lock",
				"${PODS_ROOT}/Manifest.lock",
			);
			name = "[CP] Check Pods Manifest.lock";
			outputFileListPaths = (
			);
			outputPaths = (
				"$(DERIVED_FILE_DIR)/Pods-TreasureHuntingiOSTests-checkManifestLockResult.txt",
			);
			runOnlyForDeploymentPostprocessing = 0;
			shellPath = /bin/sh;
			shellScript = "diff \"${PODS_PODFILE_DIR_PATH}/Podfile.lock\" \"${PODS_ROOT}/Manifest.lock\" > /dev/null\nif [ $? != 0 ] ; then\n    # print error to STDERR\n    echo \"error: The sandbox is not in sync with the Podfile.lock. Run 'pod install' or update your CocoaPods installation.\" >&2\n    exit 1\nfi\n# This output is used by Xcode 'outputs' to avoid re-running this script phase.\necho \"SUCCESS\" > \"${SCRIPT_OUTPUT_FILE_0}\"\n";
			showEnvVarsInLog = 0;
		};
		7EFE320B3E1C039F659C6763 /* [CP] Check Pods Manifest.lock */ = {
			isa = PBXShellScriptBuildPhase;
			buildActionMask = 2147483647;
			files = (
			);
			inputFileListPaths = (
			);
			inputPaths = (
				"${PODS_PODFILE_DIR_PATH}/Podfile.lock",
				"${PODS_ROOT}/Manifest.lock",
			);
			name = "[CP] Check Pods Manifest.lock";
			outputFileListPaths = (
			);
			outputPaths = (
				"$(DERIVED_FILE_DIR)/Pods-TreasureHuntingiOS-TreasureHuntingiOSUITests-checkManifestLockResult.txt",
			);
			runOnlyForDeploymentPostprocessing = 0;
			shellPath = /bin/sh;
			shellScript = "diff \"${PODS_PODFILE_DIR_PATH}/Podfile.lock\" \"${PODS_ROOT}/Manifest.lock\" > /dev/null\nif [ $? != 0 ] ; then\n    # print error to STDERR\n    echo \"error: The sandbox is not in sync with the Podfile.lock. Run 'pod install' or update your CocoaPods installation.\" >&2\n    exit 1\nfi\n# This output is used by Xcode 'outputs' to avoid re-running this script phase.\necho \"SUCCESS\" > \"${SCRIPT_OUTPUT_FILE_0}\"\n";
			showEnvVarsInLog = 0;
		};
		BCF397EB24FFE37900F78D1B /* ShellScript */ = {
			isa = PBXShellScriptBuildPhase;
			buildActionMask = 12;
			files = (
			);
			inputFileListPaths = (
			);
			inputPaths = (
			);
			outputFileListPaths = (
			);
			outputPaths = (
			);
			runOnlyForDeploymentPostprocessing = 0;
			shellPath = /bin/sh;
			shellScript = "# Type a script or drag a script file from your workspace to insert its path.\nif which swiftlint >/dev/null; then\n  swiftlint\nelse\n  echo \"warning: SwiftLint not installed, download from https://github.com/realm/SwiftLint\"\nfi\n";
		};
/* End PBXShellScriptBuildPhase section */

/* Begin PBXSourcesBuildPhase section */
		BC6532FD24F145CE0037B96B /* Sources */ = {
			isa = PBXSourcesBuildPhase;
			buildActionMask = 2147483647;
			files = (
				BC8BE761252E0EE600046018 /* GenericRow.swift in Sources */,
				BCA2129425042B7900A7BBF3 /* HuntTableViewCell.swift in Sources */,
				BC5D7F8525091E0D0044BA0C /* UITableViewExtension.swift in Sources */,
				BC65333624F14CB70037B96B /* Attachment.swift in Sources */,
				BC33A1E92524DBE7003AACEF /* HuntManager.swift in Sources */,
				BC65334124F14D970037B96B /* JSONParser.swift in Sources */,
				BCDD8413255C4A7B0053DCF0 /* ImageWithNameCell.swift in Sources */,
				BCC6D32925CEEFE2005C8342 /* ContentfulConfig.swift in Sources */,
				BC65330524F145CE0037B96B /* AppDelegate.swift in Sources */,
				BC2E48DB25374AFD00FA285F /* InfoBadgeBar.swift in Sources */,
				BC33A1F12524E303003AACEF /* DatabaseManager.swift in Sources */,
				BC65333C24F14D070037B96B /* Stage.swift in Sources */,
				BC8BE757252A6C1300046018 /* HuntDetailViewController.swift in Sources */,
				BCF397ED24FFEC8D00F78D1B /* Logger.swift in Sources */,
				BCDD840B255C49830053DCF0 /* GenericAttachmentsCell.swift in Sources */,
				BC65333824F14CC30037B96B /* Hunt.swift in Sources */,
				BC65333E24F14D170037B96B /* Summary.swift in Sources */,
				BC65330724F145CE0037B96B /* SceneDelegate.swift in Sources */,
				BCA212912504293A00A7BBF3 /* HuntTableViewController.swift in Sources */,
				BC8BE76D252E1D6600046018 /* GenericTextCell.swift in Sources */,
				BCC6D32E25CEF6D9005C8342 /* ContentfulManager.swift in Sources */,
			);
			runOnlyForDeploymentPostprocessing = 0;
		};
		BC65331324F145D00037B96B /* Sources */ = {
			isa = PBXSourcesBuildPhase;
			buildActionMask = 2147483647;
			files = (
				BC65331C24F145D00037B96B /* TreasureHuntingiOSTests.swift in Sources */,
			);
			runOnlyForDeploymentPostprocessing = 0;
		};
		BC65331E24F145D00037B96B /* Sources */ = {
			isa = PBXSourcesBuildPhase;
			buildActionMask = 2147483647;
			files = (
				BC65332724F145D00037B96B /* TreasureHuntingiOSUITests.swift in Sources */,
			);
			runOnlyForDeploymentPostprocessing = 0;
		};
/* End PBXSourcesBuildPhase section */

/* Begin PBXTargetDependency section */
		BC65331924F145D00037B96B /* PBXTargetDependency */ = {
			isa = PBXTargetDependency;
			target = BC65330024F145CE0037B96B /* TreasureHuntingiOS */;
			targetProxy = BC65331824F145D00037B96B /* PBXContainerItemProxy */;
		};
		BC65332424F145D00037B96B /* PBXTargetDependency */ = {
			isa = PBXTargetDependency;
			target = BC65330024F145CE0037B96B /* TreasureHuntingiOS */;
			targetProxy = BC65332324F145D00037B96B /* PBXContainerItemProxy */;
		};
/* End PBXTargetDependency section */

/* Begin PBXVariantGroup section */
		BC65330A24F145CE0037B96B /* Main.storyboard */ = {
			isa = PBXVariantGroup;
			children = (
				BC65330B24F145CE0037B96B /* Base */,
			);
			name = Main.storyboard;
			sourceTree = "<group>";
		};
		BC65330F24F145CF0037B96B /* LaunchScreen.storyboard */ = {
			isa = PBXVariantGroup;
			children = (
				BC65331024F145CF0037B96B /* Base */,
			);
			name = LaunchScreen.storyboard;
			sourceTree = "<group>";
		};
/* End PBXVariantGroup section */

/* Begin XCBuildConfiguration section */
		BC65332924F145D00037B96B /* Debug */ = {
			isa = XCBuildConfiguration;
			buildSettings = {
				ALWAYS_SEARCH_USER_PATHS = NO;
				CLANG_ANALYZER_NONNULL = YES;
				CLANG_ANALYZER_NUMBER_OBJECT_CONVERSION = YES_AGGRESSIVE;
				CLANG_CXX_LANGUAGE_STANDARD = "gnu++14";
				CLANG_CXX_LIBRARY = "libc++";
				CLANG_ENABLE_MODULES = YES;
				CLANG_ENABLE_OBJC_ARC = YES;
				CLANG_ENABLE_OBJC_WEAK = YES;
				CLANG_WARN_BLOCK_CAPTURE_AUTORELEASING = YES;
				CLANG_WARN_BOOL_CONVERSION = YES;
				CLANG_WARN_COMMA = YES;
				CLANG_WARN_CONSTANT_CONVERSION = YES;
				CLANG_WARN_DEPRECATED_OBJC_IMPLEMENTATIONS = YES;
				CLANG_WARN_DIRECT_OBJC_ISA_USAGE = YES_ERROR;
				CLANG_WARN_DOCUMENTATION_COMMENTS = YES;
				CLANG_WARN_EMPTY_BODY = YES;
				CLANG_WARN_ENUM_CONVERSION = YES;
				CLANG_WARN_INFINITE_RECURSION = YES;
				CLANG_WARN_INT_CONVERSION = YES;
				CLANG_WARN_NON_LITERAL_NULL_CONVERSION = YES;
				CLANG_WARN_OBJC_IMPLICIT_RETAIN_SELF = YES;
				CLANG_WARN_OBJC_LITERAL_CONVERSION = YES;
				CLANG_WARN_OBJC_ROOT_CLASS = YES_ERROR;
				CLANG_WARN_QUOTED_INCLUDE_IN_FRAMEWORK_HEADER = YES;
				CLANG_WARN_RANGE_LOOP_ANALYSIS = YES;
				CLANG_WARN_STRICT_PROTOTYPES = YES;
				CLANG_WARN_SUSPICIOUS_MOVE = YES;
				CLANG_WARN_UNGUARDED_AVAILABILITY = YES_AGGRESSIVE;
				CLANG_WARN_UNREACHABLE_CODE = YES;
				CLANG_WARN__DUPLICATE_METHOD_MATCH = YES;
				COPY_PHASE_STRIP = NO;
				DEBUG_INFORMATION_FORMAT = dwarf;
				ENABLE_STRICT_OBJC_MSGSEND = YES;
				ENABLE_TESTABILITY = YES;
				GCC_C_LANGUAGE_STANDARD = gnu11;
				GCC_DYNAMIC_NO_PIC = NO;
				GCC_NO_COMMON_BLOCKS = YES;
				GCC_OPTIMIZATION_LEVEL = 0;
				GCC_PREPROCESSOR_DEFINITIONS = (
					"DEBUG=1",
					"$(inherited)",
				);
				GCC_WARN_64_TO_32_BIT_CONVERSION = YES;
				GCC_WARN_ABOUT_RETURN_TYPE = YES_ERROR;
				GCC_WARN_UNDECLARED_SELECTOR = YES;
				GCC_WARN_UNINITIALIZED_AUTOS = YES_AGGRESSIVE;
				GCC_WARN_UNUSED_FUNCTION = YES;
				GCC_WARN_UNUSED_VARIABLE = YES;
				IPHONEOS_DEPLOYMENT_TARGET = 13.6;
				MTL_ENABLE_DEBUG_INFO = INCLUDE_SOURCE;
				MTL_FAST_MATH = YES;
				ONLY_ACTIVE_ARCH = YES;
				SDKROOT = iphoneos;
				SWIFT_ACTIVE_COMPILATION_CONDITIONS = DEBUG;
				SWIFT_OPTIMIZATION_LEVEL = "-Onone";
			};
			name = Debug;
		};
		BC65332A24F145D00037B96B /* Release */ = {
			isa = XCBuildConfiguration;
			buildSettings = {
				ALWAYS_SEARCH_USER_PATHS = NO;
				CLANG_ANALYZER_NONNULL = YES;
				CLANG_ANALYZER_NUMBER_OBJECT_CONVERSION = YES_AGGRESSIVE;
				CLANG_CXX_LANGUAGE_STANDARD = "gnu++14";
				CLANG_CXX_LIBRARY = "libc++";
				CLANG_ENABLE_MODULES = YES;
				CLANG_ENABLE_OBJC_ARC = YES;
				CLANG_ENABLE_OBJC_WEAK = YES;
				CLANG_WARN_BLOCK_CAPTURE_AUTORELEASING = YES;
				CLANG_WARN_BOOL_CONVERSION = YES;
				CLANG_WARN_COMMA = YES;
				CLANG_WARN_CONSTANT_CONVERSION = YES;
				CLANG_WARN_DEPRECATED_OBJC_IMPLEMENTATIONS = YES;
				CLANG_WARN_DIRECT_OBJC_ISA_USAGE = YES_ERROR;
				CLANG_WARN_DOCUMENTATION_COMMENTS = YES;
				CLANG_WARN_EMPTY_BODY = YES;
				CLANG_WARN_ENUM_CONVERSION = YES;
				CLANG_WARN_INFINITE_RECURSION = YES;
				CLANG_WARN_INT_CONVERSION = YES;
				CLANG_WARN_NON_LITERAL_NULL_CONVERSION = YES;
				CLANG_WARN_OBJC_IMPLICIT_RETAIN_SELF = YES;
				CLANG_WARN_OBJC_LITERAL_CONVERSION = YES;
				CLANG_WARN_OBJC_ROOT_CLASS = YES_ERROR;
				CLANG_WARN_QUOTED_INCLUDE_IN_FRAMEWORK_HEADER = YES;
				CLANG_WARN_RANGE_LOOP_ANALYSIS = YES;
				CLANG_WARN_STRICT_PROTOTYPES = YES;
				CLANG_WARN_SUSPICIOUS_MOVE = YES;
				CLANG_WARN_UNGUARDED_AVAILABILITY = YES_AGGRESSIVE;
				CLANG_WARN_UNREACHABLE_CODE = YES;
				CLANG_WARN__DUPLICATE_METHOD_MATCH = YES;
				COPY_PHASE_STRIP = NO;
				DEBUG_INFORMATION_FORMAT = "dwarf-with-dsym";
				ENABLE_NS_ASSERTIONS = NO;
				ENABLE_STRICT_OBJC_MSGSEND = YES;
				GCC_C_LANGUAGE_STANDARD = gnu11;
				GCC_NO_COMMON_BLOCKS = YES;
				GCC_WARN_64_TO_32_BIT_CONVERSION = YES;
				GCC_WARN_ABOUT_RETURN_TYPE = YES_ERROR;
				GCC_WARN_UNDECLARED_SELECTOR = YES;
				GCC_WARN_UNINITIALIZED_AUTOS = YES_AGGRESSIVE;
				GCC_WARN_UNUSED_FUNCTION = YES;
				GCC_WARN_UNUSED_VARIABLE = YES;
				IPHONEOS_DEPLOYMENT_TARGET = 13.6;
				MTL_ENABLE_DEBUG_INFO = NO;
				MTL_FAST_MATH = YES;
				SDKROOT = iphoneos;
				SWIFT_COMPILATION_MODE = wholemodule;
				SWIFT_OPTIMIZATION_LEVEL = "-O";
				VALIDATE_PRODUCT = YES;
			};
			name = Release;
		};
		BC65332C24F145D00037B96B /* Debug */ = {
			isa = XCBuildConfiguration;
			baseConfigurationReference = C5A63B2FDCC750B41E759219 /* Pods-TreasureHuntingiOS.debug.xcconfig */;
			buildSettings = {
				ASSETCATALOG_COMPILER_APPICON_NAME = AppIcon;
				CODE_SIGN_STYLE = Automatic;
				CONTENTFUL_TOKEN = bEJRiW5oX_u1Pj5PYNIyciRwSRy1OLOV72IybPoUyMI;
				DEVELOPMENT_TEAM = 673FQS38MA;
				INFOPLIST_FILE = TreasureHuntingiOS/Info.plist;
				LD_RUNPATH_SEARCH_PATHS = (
					"$(inherited)",
					"@executable_path/Frameworks",
				);
				PRODUCT_BUNDLE_IDENTIFIER = com.xiaoxiao.TreasureHuntingiOS;
				PRODUCT_NAME = "$(TARGET_NAME)";
				SWIFT_VERSION = 5.0;
				TARGETED_DEVICE_FAMILY = "1,2";
			};
			name = Debug;
		};
		BC65332D24F145D00037B96B /* Release */ = {
			isa = XCBuildConfiguration;
			baseConfigurationReference = 567D2B1B87A93319117EA66C /* Pods-TreasureHuntingiOS.release.xcconfig */;
			buildSettings = {
				ASSETCATALOG_COMPILER_APPICON_NAME = AppIcon;
				CODE_SIGN_STYLE = Automatic;
				CONTENTFUL_TOKEN = "0LPhDPS12ZTrQ1ec-rM0P1nLv9ZCINNUAwPiUHA3EIs";
				DEVELOPMENT_TEAM = 673FQS38MA;
				INFOPLIST_FILE = TreasureHuntingiOS/Info.plist;
				LD_RUNPATH_SEARCH_PATHS = (
					"$(inherited)",
					"@executable_path/Frameworks",
				);
				PRODUCT_BUNDLE_IDENTIFIER = com.xiaoxiao.TreasureHuntingiOS;
				PRODUCT_NAME = "$(TARGET_NAME)";
				SWIFT_VERSION = 5.0;
				TARGETED_DEVICE_FAMILY = "1,2";
			};
			name = Release;
		};
		BC65332F24F145D00037B96B /* Debug */ = {
			isa = XCBuildConfiguration;
			baseConfigurationReference = AE61BCC19A26652FB2B55008 /* Pods-TreasureHuntingiOSTests.debug.xcconfig */;
			buildSettings = {
				ALWAYS_EMBED_SWIFT_STANDARD_LIBRARIES = YES;
				BUNDLE_LOADER = "$(TEST_HOST)";
				CODE_SIGN_STYLE = Automatic;
				DEVELOPMENT_TEAM = 673FQS38MA;
				INFOPLIST_FILE = TreasureHuntingiOSTests/Info.plist;
				IPHONEOS_DEPLOYMENT_TARGET = 13.6;
				LD_RUNPATH_SEARCH_PATHS = (
					"$(inherited)",
					"@executable_path/Frameworks",
					"@loader_path/Frameworks",
				);
				PRODUCT_BUNDLE_IDENTIFIER = com.xiaoxiao.TreasureHuntingiOSTests;
				PRODUCT_NAME = "$(TARGET_NAME)";
				SWIFT_VERSION = 5.0;
				TARGETED_DEVICE_FAMILY = "1,2";
				TEST_HOST = "$(BUILT_PRODUCTS_DIR)/TreasureHuntingiOS.app/TreasureHuntingiOS";
			};
			name = Debug;
		};
		BC65333024F145D00037B96B /* Release */ = {
			isa = XCBuildConfiguration;
			baseConfigurationReference = 683E95F82A13F0572C41CAD0 /* Pods-TreasureHuntingiOSTests.release.xcconfig */;
			buildSettings = {
				ALWAYS_EMBED_SWIFT_STANDARD_LIBRARIES = YES;
				BUNDLE_LOADER = "$(TEST_HOST)";
				CODE_SIGN_STYLE = Automatic;
				DEVELOPMENT_TEAM = 673FQS38MA;
				INFOPLIST_FILE = TreasureHuntingiOSTests/Info.plist;
				IPHONEOS_DEPLOYMENT_TARGET = 13.6;
				LD_RUNPATH_SEARCH_PATHS = (
					"$(inherited)",
					"@executable_path/Frameworks",
					"@loader_path/Frameworks",
				);
				PRODUCT_BUNDLE_IDENTIFIER = com.xiaoxiao.TreasureHuntingiOSTests;
				PRODUCT_NAME = "$(TARGET_NAME)";
				SWIFT_VERSION = 5.0;
				TARGETED_DEVICE_FAMILY = "1,2";
				TEST_HOST = "$(BUILT_PRODUCTS_DIR)/TreasureHuntingiOS.app/TreasureHuntingiOS";
			};
			name = Release;
		};
		BC65333224F145D00037B96B /* Debug */ = {
			isa = XCBuildConfiguration;
			baseConfigurationReference = E66A517E642933E7A7804CBE /* Pods-TreasureHuntingiOS-TreasureHuntingiOSUITests.debug.xcconfig */;
			buildSettings = {
				ALWAYS_EMBED_SWIFT_STANDARD_LIBRARIES = YES;
				CODE_SIGN_STYLE = Automatic;
				DEVELOPMENT_TEAM = 673FQS38MA;
				INFOPLIST_FILE = TreasureHuntingiOSUITests/Info.plist;
				LD_RUNPATH_SEARCH_PATHS = (
					"$(inherited)",
					"@executable_path/Frameworks",
					"@loader_path/Frameworks",
				);
				PRODUCT_BUNDLE_IDENTIFIER = com.xiaoxiao.TreasureHuntingiOSUITests;
				PRODUCT_NAME = "$(TARGET_NAME)";
				SWIFT_VERSION = 5.0;
				TARGETED_DEVICE_FAMILY = "1,2";
				TEST_TARGET_NAME = TreasureHuntingiOS;
			};
			name = Debug;
		};
		BC65333324F145D00037B96B /* Release */ = {
			isa = XCBuildConfiguration;
			baseConfigurationReference = 4CE1E1AEEDA62BAC2CFAE076 /* Pods-TreasureHuntingiOS-TreasureHuntingiOSUITests.release.xcconfig */;
			buildSettings = {
				ALWAYS_EMBED_SWIFT_STANDARD_LIBRARIES = YES;
				CODE_SIGN_STYLE = Automatic;
				DEVELOPMENT_TEAM = 673FQS38MA;
				INFOPLIST_FILE = TreasureHuntingiOSUITests/Info.plist;
				LD_RUNPATH_SEARCH_PATHS = (
					"$(inherited)",
					"@executable_path/Frameworks",
					"@loader_path/Frameworks",
				);
				PRODUCT_BUNDLE_IDENTIFIER = com.xiaoxiao.TreasureHuntingiOSUITests;
				PRODUCT_NAME = "$(TARGET_NAME)";
				SWIFT_VERSION = 5.0;
				TARGETED_DEVICE_FAMILY = "1,2";
				TEST_TARGET_NAME = TreasureHuntingiOS;
			};
			name = Release;
		};
/* End XCBuildConfiguration section */

/* Begin XCConfigurationList section */
		BC6532FC24F145CE0037B96B /* Build configuration list for PBXProject "TreasureHuntingiOS" */ = {
			isa = XCConfigurationList;
			buildConfigurations = (
				BC65332924F145D00037B96B /* Debug */,
				BC65332A24F145D00037B96B /* Release */,
			);
			defaultConfigurationIsVisible = 0;
			defaultConfigurationName = Release;
		};
		BC65332B24F145D00037B96B /* Build configuration list for PBXNativeTarget "TreasureHuntingiOS" */ = {
			isa = XCConfigurationList;
			buildConfigurations = (
				BC65332C24F145D00037B96B /* Debug */,
				BC65332D24F145D00037B96B /* Release */,
			);
			defaultConfigurationIsVisible = 0;
			defaultConfigurationName = Release;
		};
		BC65332E24F145D00037B96B /* Build configuration list for PBXNativeTarget "TreasureHuntingiOSTests" */ = {
			isa = XCConfigurationList;
			buildConfigurations = (
				BC65332F24F145D00037B96B /* Debug */,
				BC65333024F145D00037B96B /* Release */,
			);
			defaultConfigurationIsVisible = 0;
			defaultConfigurationName = Release;
		};
		BC65333124F145D00037B96B /* Build configuration list for PBXNativeTarget "TreasureHuntingiOSUITests" */ = {
			isa = XCConfigurationList;
			buildConfigurations = (
				BC65333224F145D00037B96B /* Debug */,
				BC65333324F145D00037B96B /* Release */,
			);
			defaultConfigurationIsVisible = 0;
			defaultConfigurationName = Release;
		};
/* End XCConfigurationList section */
	};
	rootObject = BC6532F924F145CE0037B96B /* Project object */;
}
